
Microsoft Visual Studio Solution File, Format Version 12.00
# Visual Studio Version 17
VisualStudioVersion = 17.4.33213.308
MinimumVisualStudioVersion = 10.0.40219.1
Project("{FAE04EC0-301F-11D3-BF4B-00C04F79EFBC}") = "simplequiz", "simplequiz.csproj", "{57A46D1A-82D8-416E-AE6C-D30908A6B473}"
EndProject
Global
	GlobalSection(SolutionConfigurationPlatforms) = preSolution
		Debug|Any CPU = Debug|Any CPU
		Release|Any CPU = Release|Any CPU
	EndGlobalSection
	GlobalSection(ProjectConfigurationPlatforms) = postSolution
		{57A46D1A-82D8-416E-AE6C-D30908A6B473}.Debug|Any CPU.ActiveCfg = Debug|Any CPU
		{57A46D1A-82D8-416E-AE6C-D30908A6B473}.Debug|Any CPU.Build.0 = Debug|Any CPU
		{57A46D1A-82D8-416E-AE6C-D30908A6B473}.Release|Any CPU.ActiveCfg = Release|Any CPU
		{57A46D1A-82D8-416E-AE6C-D30908A6B473}.Release|Any CPU.Build.0 = Release|Any CPU
	EndGlobalSection
	GlobalSection(SolutionProperties) = preSolution
		HideSolutionNode = FALSE
	EndGlobalSection
	GlobalSection(ExtensibilityGlobals) = postSolution
		SolutionGuid = {FE1FCEEE-607B-44B8-B15F-0C95FA7C21DD}
	EndGlobalSection
EndGlobal
